
Microsoft Visual Studio Solution File, Format Version 12.00
# Visual Studio 2013
Project("{FAE04EC0-301F-11D3-BF4B-00C04F79EFBC}") = "V1.0.0.CSharp", "V1.0.0.CSharp.csproj", "{0FDAA1AD-7D7A-8A2C-7C2F-5A59D194E628}"
EndProject
Project("{FAE04EC0-301F-11D3-BF4B-00C04F79EFBC}") = "V1.0.0.CSharp.Plugins", "V1.0.0.CSharp.Plugins.csproj", "{4E640078-27B3-36B7-AEA3-2ABA91C3D237}"
EndProject
Project("{FAE04EC0-301F-11D3-BF4B-00C04F79EFBC}") = "V1.0.0.CSharp.Editor", "V1.0.0.CSharp.Editor.csproj", "{862AF67C-4E03-62E2-0692-91E44B502E8D}"
EndProject
Project("{FAE04EC0-301F-11D3-BF4B-00C04F79EFBC}") = "V1.0.0.CSharp.Editor.Plugins", "V1.0.0.CSharp.Editor.Plugins.csproj", "{C33968EC-81D5-FF96-81D8-D5EEB880B473}"
EndProject
Global
	GlobalSection(SolutionConfigurationPlatforms) = preSolution
		Debug|Any CPU = Debug|Any CPU
		Release|Any CPU = Release|Any CPU
	EndGlobalSection
	GlobalSection(ProjectConfigurationPlatforms) = postSolution
		{0FDAA1AD-7D7A-8A2C-7C2F-5A59D194E628}.Debug|Any CPU.ActiveCfg = Debug|Any CPU
		{0FDAA1AD-7D7A-8A2C-7C2F-5A59D194E628}.Debug|Any CPU.Build.0 = Debug|Any CPU
		{0FDAA1AD-7D7A-8A2C-7C2F-5A59D194E628}.Release|Any CPU.ActiveCfg = Release|Any CPU
		{0FDAA1AD-7D7A-8A2C-7C2F-5A59D194E628}.Release|Any CPU.Build.0 = Release|Any CPU
		{4E640078-27B3-36B7-AEA3-2ABA91C3D237}.Debug|Any CPU.ActiveCfg = Debug|Any CPU
		{4E640078-27B3-36B7-AEA3-2ABA91C3D237}.Debug|Any CPU.Build.0 = Debug|Any CPU
		{4E640078-27B3-36B7-AEA3-2ABA91C3D237}.Release|Any CPU.ActiveCfg = Release|Any CPU
		{4E640078-27B3-36B7-AEA3-2ABA91C3D237}.Release|Any CPU.Build.0 = Release|Any CPU
		{862AF67C-4E03-62E2-0692-91E44B502E8D}.Debug|Any CPU.ActiveCfg = Debug|Any CPU
		{862AF67C-4E03-62E2-0692-91E44B502E8D}.Debug|Any CPU.Build.0 = Debug|Any CPU
		{862AF67C-4E03-62E2-0692-91E44B502E8D}.Release|Any CPU.ActiveCfg = Release|Any CPU
		{862AF67C-4E03-62E2-0692-91E44B502E8D}.Release|Any CPU.Build.0 = Release|Any CPU
		{C33968EC-81D5-FF96-81D8-D5EEB880B473}.Debug|Any CPU.ActiveCfg = Debug|Any CPU
		{C33968EC-81D5-FF96-81D8-D5EEB880B473}.Debug|Any CPU.Build.0 = Debug|Any CPU
		{C33968EC-81D5-FF96-81D8-D5EEB880B473}.Release|Any CPU.ActiveCfg = Release|Any CPU
		{C33968EC-81D5-FF96-81D8-D5EEB880B473}.Release|Any CPU.Build.0 = Release|Any CPU
	EndGlobalSection
	GlobalSection(SolutionProperties) = preSolution
		HideSolutionNode = FALSE
	EndGlobalSection
EndGlobal
